// !$*UTF8*$!
{
	archiveVersion = 1;
	classes = {
	};
	objectVersion = 51;
	objects = {

/* Begin PBXBuildFile section */
		7B07B9CD23F2507C000A0A16 /* AppDelegate.m in Sources */ = {isa = PBXBuildFile; fileRef = 7B07B9CC23F2507C000A0A16 /* AppDelegate.m */; };
		7B07B9D023F2507C000A0A16 /* SceneDelegate.m in Sources */ = {isa = PBXBuildFile; fileRef = 7B07B9CF23F2507C000A0A16 /* SceneDelegate.m */; };
		7B07B9D323F2507C000A0A16 /* ViewController.m in Sources */ = {isa = PBXBuildFile; fileRef = 7B07B9D223F2507C000A0A16 /* ViewController.m */; };
		7B07B9D623F2507C000A0A16 /* Main.storyboard in Resources */ = {isa = PBXBuildFile; fileRef = 7B07B9D423F2507C000A0A16 /* Main.storyboard */; };
		7B07B9D823F2507D000A0A16 /* Assets.xcassets in Resources */ = {isa = PBXBuildFile; fileRef = 7B07B9D723F2507D000A0A16 /* Assets.xcassets */; };
		7B07B9DB23F2507D000A0A16 /* LaunchScreen.storyboard in Resources */ = {isa = PBXBuildFile; fileRef = 7B07B9D923F2507D000A0A16 /* LaunchScreen.storyboard */; };
		7B07B9DE23F2507D000A0A16 /* main.m in Sources */ = {isa = PBXBuildFile; fileRef = 7B07B9DD23F2507D000A0A16 /* main.m */; };
		7B07B9E623F2514B000A0A16 /* TableViewController.m in Sources */ = {isa = PBXBuildFile; fileRef = 7B07B9E523F2514B000A0A16 /* TableViewController.m */; };
		7B07B9E823F254A2000A0A16 /* AudioToolbox.framework in Frameworks */ = {isa = PBXBuildFile; fileRef = 7B07B9E723F254A2000A0A16 /* AudioToolbox.framework */; };
		7B07B9EC23F6855A000A0A16 /* PlaySoundViewController.m in Sources */ = {isa = PBXBuildFile; fileRef = 7B07B9EB23F6855A000A0A16 /* PlaySoundViewController.m */; };
		7B07B9EE23F68CE2000A0A16 /* Cartoon Flute Broken.wav in Resources */ = {isa = PBXBuildFile; fileRef = 7B07B9ED23F68CE2000A0A16 /* Cartoon Flute Broken.wav */; };
		7B07B9F223F69541000A0A16 /* MusicPlayerViewController.m in Sources */ = {isa = PBXBuildFile; fileRef = 7B07B9F123F69541000A0A16 /* MusicPlayerViewController.m */; };
		7B07B9FC23F6B5ED000A0A16 /* AVFoundation.framework in Frameworks */ = {isa = PBXBuildFile; fileRef = 7B07B9FB23F6B5ED000A0A16 /* AVFoundation.framework */; };
		7B07B9FF23F7B4AE000A0A16 /* Timofiy_Starenkov_-_The_Journey.mp3 in Resources */ = {isa = PBXBuildFile; fileRef = 7B07B9FE23F7B4AE000A0A16 /* Timofiy_Starenkov_-_The_Journey.mp3 */; };
		FA9102C7AD8B23CC5A65E848 /* Pods_iOSMultimedia.framework in Frameworks */ = {isa = PBXBuildFile; fileRef = 065714CB90DE52569CF371FA /* Pods_iOSMultimedia.framework */; };
/* End PBXBuildFile section */

/* Begin PBXFileReference section */
		065714CB90DE52569CF371FA /* Pods_iOSMultimedia.framework */ = {isa = PBXFileReference; explicitFileType = wrapper.framework; includeInIndex = 0; path = Pods_iOSMultimedia.framework; sourceTree = BUILT_PRODUCTS_DIR; };
		67176CA3FC0B5AED6B0D138A /* Pods-iOSMultimedia.release.xcconfig */ = {isa = PBXFileReference; includeInIndex = 1; lastKnownFileType = text.xcconfig; name = "Pods-iOSMultimedia.release.xcconfig"; path = "Target Support Files/Pods-iOSMultimedia/Pods-iOSMultimedia.release.xcconfig"; sourceTree = "<group>"; };
		7B07B9C823F2507C000A0A16 /* iOSMultimedia.app */ = {isa = PBXFileReference; explicitFileType = wrapper.application; includeInIndex = 0; path = iOSMultimedia.app; sourceTree = BUILT_PRODUCTS_DIR; };
		7B07B9CB23F2507C000A0A16 /* AppDelegate.h */ = {isa = PBXFileReference; lastKnownFileType = sourcecode.c.h; path = AppDelegate.h; sourceTree = "<group>"; };
		7B07B9CC23F2507C000A0A16 /* AppDelegate.m */ = {isa = PBXFileReference; lastKnownFileType = sourcecode.c.objc; path = AppDelegate.m; sourceTree = "<group>"; };
		7B07B9CE23F2507C000A0A16 /* SceneDelegate.h */ = {isa = PBXFileReference; lastKnownFileType = sourcecode.c.h; path = SceneDelegate.h; sourceTree = "<group>"; };
		7B07B9CF23F2507C000A0A16 /* SceneDelegate.m */ = {isa = PBXFileReference; lastKnownFileType = sourcecode.c.objc; path = SceneDelegate.m; sourceTree = "<group>"; };
		7B07B9D123F2507C000A0A16 /* ViewController.h */ = {isa = PBXFileReference; lastKnownFileType = sourcecode.c.h; path = ViewController.h; sourceTree = "<group>"; };
		7B07B9D223F2507C000A0A16 /* ViewController.m */ = {isa = PBXFileReference; lastKnownFileType = sourcecode.c.objc; path = ViewController.m; sourceTree = "<group>"; };
		7B07B9D523F2507C000A0A16 /* Base */ = {isa = PBXFileReference; lastKnownFileType = file.storyboard; name = Base; path = Base.lproj/Main.storyboard; sourceTree = "<group>"; };
		7B07B9D723F2507D000A0A16 /* Assets.xcassets */ = {isa = PBXFileReference; lastKnownFileType = folder.assetcatalog; path = Assets.xcassets; sourceTree = "<group>"; };
		7B07B9DA23F2507D000A0A16 /* Base */ = {isa = PBXFileReference; lastKnownFileType = file.storyboard; name = Base; path = Base.lproj/LaunchScreen.storyboard; sourceTree = "<group>"; };
		7B07B9DC23F2507D000A0A16 /* Info.plist */ = {isa = PBXFileReference; lastKnownFileType = text.plist.xml; path = Info.plist; sourceTree = "<group>"; };
		7B07B9DD23F2507D000A0A16 /* main.m */ = {isa = PBXFileReference; lastKnownFileType = sourcecode.c.objc; path = main.m; sourceTree = "<group>"; };
		7B07B9E423F2514B000A0A16 /* TableViewController.h */ = {isa = PBXFileReference; lastKnownFileType = sourcecode.c.h; path = TableViewController.h; sourceTree = "<group>"; };
		7B07B9E523F2514B000A0A16 /* TableViewController.m */ = {isa = PBXFileReference; lastKnownFileType = sourcecode.c.objc; path = TableViewController.m; sourceTree = "<group>"; };
		7B07B9E723F254A2000A0A16 /* AudioToolbox.framework */ = {isa = PBXFileReference; lastKnownFileType = wrapper.framework; name = AudioToolbox.framework; path = System/Library/Frameworks/AudioToolbox.framework; sourceTree = SDKROOT; };
		7B07B9EA23F6855A000A0A16 /* PlaySoundViewController.h */ = {isa = PBXFileReference; lastKnownFileType = sourcecode.c.h; path = PlaySoundViewController.h; sourceTree = "<group>"; };
		7B07B9EB23F6855A000A0A16 /* PlaySoundViewController.m */ = {isa = PBXFileReference; lastKnownFileType = sourcecode.c.objc; path = PlaySoundViewController.m; sourceTree = "<group>"; };
		7B07B9ED23F68CE2000A0A16 /* Cartoon Flute Broken.wav */ = {isa = PBXFileReference; lastKnownFileType = audio.wav; path = "Cartoon Flute Broken.wav"; sourceTree = "<group>"; };
		7B07B9F023F69541000A0A16 /* MusicPlayerViewController.h */ = {isa = PBXFileReference; lastKnownFileType = sourcecode.c.h; path = MusicPlayerViewController.h; sourceTree = "<group>"; };
		7B07B9F123F69541000A0A16 /* MusicPlayerViewController.m */ = {isa = PBXFileReference; lastKnownFileType = sourcecode.c.objc; path = MusicPlayerViewController.m; sourceTree = "<group>"; };
		7B07B9FB23F6B5ED000A0A16 /* AVFoundation.framework */ = {isa = PBXFileReference; lastKnownFileType = wrapper.framework; name = AVFoundation.framework; path = System/Library/Frameworks/AVFoundation.framework; sourceTree = SDKROOT; };
		7B07B9FD23F6FE13000A0A16 /* Common.h */ = {isa = PBXFileReference; lastKnownFileType = sourcecode.c.h; path = Common.h; sourceTree = "<group>"; };
		7B07B9FE23F7B4AE000A0A16 /* Timofiy_Starenkov_-_The_Journey.mp3 */ = {isa = PBXFileReference; lastKnownFileType = audio.mp3; path = "Timofiy_Starenkov_-_The_Journey.mp3"; sourceTree = "<group>"; };
		AF0E147E0774950588DE2D8C /* Pods-iOSMultimedia.debug.xcconfig */ = {isa = PBXFileReference; includeInIndex = 1; lastKnownFileType = text.xcconfig; name = "Pods-iOSMultimedia.debug.xcconfig"; path = "Target Support Files/Pods-iOSMultimedia/Pods-iOSMultimedia.debug.xcconfig"; sourceTree = "<group>"; };
/* End PBXFileReference section */

/* Begin PBXFrameworksBuildPhase section */
		7B07B9C523F2507B000A0A16 /* Frameworks */ = {
			isa = PBXFrameworksBuildPhase;
			buildActionMask = 2147483647;
			files = (
				FA9102C7AD8B23CC5A65E848 /* Pods_iOSMultimedia.framework in Frameworks */,
				7B07B9E823F254A2000A0A16 /* AudioToolbox.framework in Frameworks */,
				7B07B9FC23F6B5ED000A0A16 /* AVFoundation.framework in Frameworks */,
			);
			runOnlyForDeploymentPostprocessing = 0;
		};
/* End PBXFrameworksBuildPhase section */

/* Begin PBXGroup section */
		052C62D8D62BD5E613CBFD97 /* Pods */ = {
			isa = PBXGroup;
			children = (
				AF0E147E0774950588DE2D8C /* Pods-iOSMultimedia.debug.xcconfig */,
				67176CA3FC0B5AED6B0D138A /* Pods-iOSMultimedia.release.xcconfig */,
			);
			path = Pods;
			sourceTree = "<group>";
		};
		24C21B1988E1E46D0F36779B /* Frameworks */ = {
			isa = PBXGroup;
			children = (
				7B07B9FB23F6B5ED000A0A16 /* AVFoundation.framework */,
				7B07B9E723F254A2000A0A16 /* AudioToolbox.framework */,
				065714CB90DE52569CF371FA /* Pods_iOSMultimedia.framework */,
			);
			name = Frameworks;
			sourceTree = "<group>";
		};
		7B07B9BF23F2507B000A0A16 = {
			isa = PBXGroup;
			children = (
				7B07B9CA23F2507C000A0A16 /* iOSMultimedia */,
				7B07B9C923F2507C000A0A16 /* Products */,
				052C62D8D62BD5E613CBFD97 /* Pods */,
				24C21B1988E1E46D0F36779B /* Frameworks */,
			);
			sourceTree = "<group>";
		};
		7B07B9C923F2507C000A0A16 /* Products */ = {
			isa = PBXGroup;
			children = (
				7B07B9C823F2507C000A0A16 /* iOSMultimedia.app */,
			);
			name = Products;
			sourceTree = "<group>";
		};
		7B07B9CA23F2507C000A0A16 /* iOSMultimedia */ = {
			isa = PBXGroup;
			children = (
				7B07B9EF23F69513000A0A16 /* MusicPlayer */,
				7B07B9E923F68537000A0A16 /* PlaySound */,
				7B07B9CB23F2507C000A0A16 /* AppDelegate.h */,
				7B07B9CC23F2507C000A0A16 /* AppDelegate.m */,
				7B07B9CE23F2507C000A0A16 /* SceneDelegate.h */,
				7B07B9CF23F2507C000A0A16 /* SceneDelegate.m */,
				7B07B9D123F2507C000A0A16 /* ViewController.h */,
				7B07B9D223F2507C000A0A16 /* ViewController.m */,
				7B07B9D423F2507C000A0A16 /* Main.storyboard */,
				7B07B9D723F2507D000A0A16 /* Assets.xcassets */,
				7B07B9D923F2507D000A0A16 /* LaunchScreen.storyboard */,
				7B07B9DC23F2507D000A0A16 /* Info.plist */,
				7B07B9DD23F2507D000A0A16 /* main.m */,
				7B07B9E423F2514B000A0A16 /* TableViewController.h */,
				7B07B9E523F2514B000A0A16 /* TableViewController.m */,
				7B07B9F823F6B423000A0A16 /* SoundAndMusic */,
				7B07B9FD23F6FE13000A0A16 /* Common.h */,
			);
			path = iOSMultimedia;
			sourceTree = "<group>";
		};
		7B07B9E923F68537000A0A16 /* PlaySound */ = {
			isa = PBXGroup;
			children = (
				7B07B9EA23F6855A000A0A16 /* PlaySoundViewController.h */,
				7B07B9EB23F6855A000A0A16 /* PlaySoundViewController.m */,
			);
			path = PlaySound;
			sourceTree = "<group>";
		};
		7B07B9EF23F69513000A0A16 /* MusicPlayer */ = {
			isa = PBXGroup;
			children = (
				7B07B9F023F69541000A0A16 /* MusicPlayerViewController.h */,
				7B07B9F123F69541000A0A16 /* MusicPlayerViewController.m */,
			);
			path = MusicPlayer;
			sourceTree = "<group>";
		};
		7B07B9F823F6B423000A0A16 /* SoundAndMusic */ = {
			isa = PBXGroup;
			children = (
				7B07B9ED23F68CE2000A0A16 /* Cartoon Flute Broken.wav */,
				7B07B9FE23F7B4AE000A0A16 /* Timofiy_Starenkov_-_The_Journey.mp3 */,
			);
			path = SoundAndMusic;
			sourceTree = "<group>";
		};
/* End PBXGroup section */

/* Begin PBXNativeTarget section */
		7B07B9C723F2507B000A0A16 /* iOSMultimedia */ = {
			isa = PBXNativeTarget;
			buildConfigurationList = 7B07B9E123F2507D000A0A16 /* Build configuration list for PBXNativeTarget "iOSMultimedia" */;
			buildPhases = (
				33EF15E3F9851A7826002A1B /* [CP] Check Pods Manifest.lock */,
				7B07B9C423F2507B000A0A16 /* Sources */,
				7B07B9C523F2507B000A0A16 /* Frameworks */,
				7B07B9C623F2507B000A0A16 /* Resources */,
				5E627C0B11D50F47B81366B0 /* [CP] Embed Pods Frameworks */,
			);
			buildRules = (
			);
			dependencies = (
			);
			name = iOSMultimedia;
			productName = iOSMultimedia;
			productReference = 7B07B9C823F2507C000A0A16 /* iOSMultimedia.app */;
			productType = "com.apple.product-type.application";
		};
/* End PBXNativeTarget section */

/* Begin PBXProject section */
		7B07B9C023F2507B000A0A16 /* Project object */ = {
			isa = PBXProject;
			attributes = {
				LastUpgradeCheck = 1130;
				ORGANIZATIONNAME = com.qiyu;
				TargetAttributes = {
					7B07B9C723F2507B000A0A16 = {
						CreatedOnToolsVersion = 11.3.1;
					};
				};
			};
			buildConfigurationList = 7B07B9C323F2507B000A0A16 /* Build configuration list for PBXProject "iOSMultimedia" */;
			compatibilityVersion = "Xcode 9.3";
			developmentRegion = en;
			hasScannedForEncodings = 0;
			knownRegions = (
				en,
				Base,
			);
			mainGroup = 7B07B9BF23F2507B000A0A16;
			productRefGroup = 7B07B9C923F2507C000A0A16 /* Products */;
			projectDirPath = "";
			projectRoot = "";
			targets = (
				7B07B9C723F2507B000A0A16 /* iOSMultimedia */,
			);
		};
/* End PBXProject section */

/* Begin PBXResourcesBuildPhase section */
		7B07B9C623F2507B000A0A16 /* Resources */ = {
			isa = PBXResourcesBuildPhase;
			buildActionMask = 2147483647;
			files = (
				7B07B9DB23F2507D000A0A16 /* LaunchScreen.storyboard in Resources */,
				7B07B9D823F2507D000A0A16 /* Assets.xcassets in Resources */,
				7B07B9FF23F7B4AE000A0A16 /* Timofiy_Starenkov_-_The_Journey.mp3 in Resources */,
				7B07B9D623F2507C000A0A16 /* Main.storyboard in Resources */,
				7B07B9EE23F68CE2000A0A16 /* Cartoon Flute Broken.wav in Resources */,
			);
			runOnlyForDeploymentPostprocessing = 0;
		};
/* End PBXResourcesBuildPhase section */

/* Begin PBXShellScriptBuildPhase section */
		33EF15E3F9851A7826002A1B /* [CP] Check Pods Manifest.lock */ = {
			isa = PBXShellScriptBuildPhase;
			buildActionMask = 2147483647;
			files = (
			);
			inputFileListPaths = (
			);
			inputPaths = (
				"${PODS_PODFILE_DIR_PATH}/Podfile.lock",
				"${PODS_ROOT}/Manifest.lock",
			);
			name = "[CP] Check Pods Manifest.lock";
			outputFileListPaths = (
			);
			outputPaths = (
				"$(DERIVED_FILE_DIR)/Pods-iOSMultimedia-checkManifestLockResult.txt",
			);
			runOnlyForDeploymentPostprocessing = 0;
			shellPath = /bin/sh;
			shellScript = "diff \"${PODS_PODFILE_DIR_PATH}/Podfile.lock\" \"${PODS_ROOT}/Manifest.lock\" > /dev/null\nif [ $? != 0 ] ; then\n    # print error to STDERR\n    echo \"error: The sandbox is not in sync with the Podfile.lock. Run 'pod install' or update your CocoaPods installation.\" >&2\n    exit 1\nfi\n# This output is used by Xcode 'outputs' to avoid re-running this script phase.\necho \"SUCCESS\" > \"${SCRIPT_OUTPUT_FILE_0}\"\n";
			showEnvVarsInLog = 0;
		};
		5E627C0B11D50F47B81366B0 /* [CP] Embed Pods Frameworks */ = {
			isa = PBXShellScriptBuildPhase;
			buildActionMask = 2147483647;
			files = (
			);
			inputFileListPaths = (
				"${PODS_ROOT}/Target Support Files/Pods-iOSMultimedia/Pods-iOSMultimedia-frameworks-${CONFIGURATION}-input-files.xcfilelist",
			);
			name = "[CP] Embed Pods Frameworks";
			outputFileListPaths = (
				"${PODS_ROOT}/Target Support Files/Pods-iOSMultimedia/Pods-iOSMultimedia-frameworks-${CONFIGURATION}-output-files.xcfilelist",
			);
			runOnlyForDeploymentPostprocessing = 0;
			shellPath = /bin/sh;
			shellScript = "\"${PODS_ROOT}/Target Support Files/Pods-iOSMultimedia/Pods-iOSMultimedia-frameworks.sh\"\n";
			showEnvVarsInLog = 0;
		};
/* End PBXShellScriptBuildPhase section */

/* Begin PBXSourcesBuildPhase section */
		7B07B9C423F2507B000A0A16 /* Sources */ = {
			isa = PBXSourcesBuildPhase;
			buildActionMask = 2147483647;
			files = (
				7B07B9F223F69541000A0A16 /* MusicPlayerViewController.m in Sources */,
				7B07B9D323F2507C000A0A16 /* ViewController.m in Sources */,
				7B07B9CD23F2507C000A0A16 /* AppDelegate.m in Sources */,
				7B07B9EC23F6855A000A0A16 /* PlaySoundViewController.m in Sources */,
				7B07B9DE23F2507D000A0A16 /* main.m in Sources */,
				7B07B9E623F2514B000A0A16 /* TableViewController.m in Sources */,
				7B07B9D023F2507C000A0A16 /* SceneDelegate.m in Sources */,
			);
			runOnlyForDeploymentPostprocessing = 0;
		};
/* End PBXSourcesBuildPhase section */

/* Begin PBXVariantGroup section */
		7B07B9D423F2507C000A0A16 /* Main.storyboard */ = {
			isa = PBXVariantGroup;
			children = (
				7B07B9D523F2507C000A0A16 /* Base */,
			);
			name = Main.storyboard;
			sourceTree = "<group>";
		};
		7B07B9D923F2507D000A0A16 /* LaunchScreen.storyboard */ = {
			isa = PBXVariantGroup;
			children = (
				7B07B9DA23F2507D000A0A16 /* Base */,
			);
			name = LaunchScreen.storyboard;
			sourceTree = "<group>";
		};
/* End PBXVariantGroup section */

/* Begin XCBuildConfiguration section */
		7B07B9DF23F2507D000A0A16 /* Debug */ = {
			isa = XCBuildConfiguration;
			buildSettings = {
				ALWAYS_SEARCH_USER_PATHS = NO;
				CLANG_ANALYZER_NONNULL = YES;
				CLANG_ANALYZER_NUMBER_OBJECT_CONVERSION = YES_AGGRESSIVE;
				CLANG_CXX_LANGUAGE_STANDARD = "gnu++14";
				CLANG_CXX_LIBRARY = "libc++";
				CLANG_ENABLE_MODULES = YES;
				CLANG_ENABLE_OBJC_ARC = YES;
				CLANG_ENABLE_OBJC_WEAK = YES;
				CLANG_WARN_BLOCK_CAPTURE_AUTORELEASING = YES;
				CLANG_WARN_BOOL_CONVERSION = YES;
				CLANG_WARN_COMMA = YES;
				CLANG_WARN_CONSTANT_CONVERSION = YES;
				CLANG_WARN_DEPRECATED_OBJC_IMPLEMENTATIONS = YES;
				CLANG_WARN_DIRECT_OBJC_ISA_USAGE = YES_ERROR;
				CLANG_WARN_DOCUMENTATION_COMMENTS = YES;
				CLANG_WARN_EMPTY_BODY = YES;
				CLANG_WARN_ENUM_CONVERSION = YES;
				CLANG_WARN_INFINITE_RECURSION = YES;
				CLANG_WARN_INT_CONVERSION = YES;
				CLANG_WARN_NON_LITERAL_NULL_CONVERSION = YES;
				CLANG_WARN_OBJC_IMPLICIT_RETAIN_SELF = YES;
				CLANG_WARN_OBJC_LITERAL_CONVERSION = YES;
				CLANG_WARN_OBJC_ROOT_CLASS = YES_ERROR;
				CLANG_WARN_RANGE_LOOP_ANALYSIS = YES;
				CLANG_WARN_STRICT_PROTOTYPES = YES;
				CLANG_WARN_SUSPICIOUS_MOVE = YES;
				CLANG_WARN_UNGUARDED_AVAILABILITY = YES_AGGRESSIVE;
				CLANG_WARN_UNREACHABLE_CODE = YES;
				CLANG_WARN__DUPLICATE_METHOD_MATCH = YES;
				COPY_PHASE_STRIP = NO;
				DEBUG_INFORMATION_FORMAT = dwarf;
				ENABLE_STRICT_OBJC_MSGSEND = YES;
				ENABLE_TESTABILITY = YES;
				GCC_C_LANGUAGE_STANDARD = gnu11;
				GCC_DYNAMIC_NO_PIC = NO;
				GCC_NO_COMMON_BLOCKS = YES;
				GCC_OPTIMIZATION_LEVEL = 0;
				GCC_PREPROCESSOR_DEFINITIONS = (
					"DEBUG=1",
					"$(inherited)",
				);
				GCC_WARN_64_TO_32_BIT_CONVERSION = YES;
				GCC_WARN_ABOUT_RETURN_TYPE = YES_ERROR;
				GCC_WARN_UNDECLARED_SELECTOR = YES;
				GCC_WARN_UNINITIALIZED_AUTOS = YES_AGGRESSIVE;
				GCC_WARN_UNUSED_FUNCTION = YES;
				GCC_WARN_UNUSED_VARIABLE = YES;
				IPHONEOS_DEPLOYMENT_TARGET = 13.2;
				MTL_ENABLE_DEBUG_INFO = INCLUDE_SOURCE;
				MTL_FAST_MATH = YES;
				ONLY_ACTIVE_ARCH = YES;
				SDKROOT = iphoneos;
			};
			name = Debug;
		};
		7B07B9E023F2507D000A0A16 /* Release */ = {
			isa = XCBuildConfiguration;
			buildSettings = {
				ALWAYS_SEARCH_USER_PATHS = NO;
				CLANG_ANALYZER_NONNULL = YES;
				CLANG_ANALYZER_NUMBER_OBJECT_CONVERSION = YES_AGGRESSIVE;
				CLANG_CXX_LANGUAGE_STANDARD = "gnu++14";
				CLANG_CXX_LIBRARY = "libc++";
				CLANG_ENABLE_MODULES = YES;
				CLANG_ENABLE_OBJC_ARC = YES;
				CLANG_ENABLE_OBJC_WEAK = YES;
				CLANG_WARN_BLOCK_CAPTURE_AUTORELEASING = YES;
				CLANG_WARN_BOOL_CONVERSION = YES;
				CLANG_WARN_COMMA = YES;
				CLANG_WARN_CONSTANT_CONVERSION = YES;
				CLANG_WARN_DEPRECATED_OBJC_IMPLEMENTATIONS = YES;
				CLANG_WARN_DIRECT_OBJC_ISA_USAGE = YES_ERROR;
				CLANG_WARN_DOCUMENTATION_COMMENTS = YES;
				CLANG_WARN_EMPTY_BODY = YES;
				CLANG_WARN_ENUM_CONVERSION = YES;
				CLANG_WARN_INFINITE_RECURSION = YES;
				CLANG_WARN_INT_CONVERSION = YES;
				CLANG_WARN_NON_LITERAL_NULL_CONVERSION = YES;
				CLANG_WARN_OBJC_IMPLICIT_RETAIN_SELF = YES;
				CLANG_WARN_OBJC_LITERAL_CONVERSION = YES;
				CLANG_WARN_OBJC_ROOT_CLASS = YES_ERROR;
				CLANG_WARN_RANGE_LOOP_ANALYSIS = YES;
				CLANG_WARN_STRICT_PROTOTYPES = YES;
				CLANG_WARN_SUSPICIOUS_MOVE = YES;
				CLANG_WARN_UNGUARDED_AVAILABILITY = YES_AGGRESSIVE;
				CLANG_WARN_UNREACHABLE_CODE = YES;
				CLANG_WARN__DUPLICATE_METHOD_MATCH = YES;
				COPY_PHASE_STRIP = NO;
				DEBUG_INFORMATION_FORMAT = "dwarf-with-dsym";
				ENABLE_NS_ASSERTIONS = NO;
				ENABLE_STRICT_OBJC_MSGSEND = YES;
				GCC_C_LANGUAGE_STANDARD = gnu11;
				GCC_NO_COMMON_BLOCKS = YES;
				GCC_WARN_64_TO_32_BIT_CONVERSION = YES;
				GCC_WARN_ABOUT_RETURN_TYPE = YES_ERROR;
				GCC_WARN_UNDECLARED_SELECTOR = YES;
				GCC_WARN_UNINITIALIZED_AUTOS = YES_AGGRESSIVE;
				GCC_WARN_UNUSED_FUNCTION = YES;
				GCC_WARN_UNUSED_VARIABLE = YES;
				IPHONEOS_DEPLOYMENT_TARGET = 13.2;
				MTL_ENABLE_DEBUG_INFO = NO;
				MTL_FAST_MATH = YES;
				SDKROOT = iphoneos;
				VALIDATE_PRODUCT = YES;
			};
			name = Release;
		};
		7B07B9E223F2507D000A0A16 /* Debug */ = {
			isa = XCBuildConfiguration;
			baseConfigurationReference = AF0E147E0774950588DE2D8C /* Pods-iOSMultimedia.debug.xcconfig */;
			buildSettings = {
				ASSETCATALOG_COMPILER_APPICON_NAME = AppIcon;
				CODE_SIGN_STYLE = Automatic;
				DEVELOPMENT_TEAM = 7U9J5872X8;
				INFOPLIST_FILE = iOSMultimedia/Info.plist;
				LD_RUNPATH_SEARCH_PATHS = (
					"$(inherited)",
					"@executable_path/Frameworks",
				);
				PRODUCT_BUNDLE_IDENTIFIER = demo.iOSMultimedia;
				PRODUCT_NAME = "$(TARGET_NAME)";
				TARGETED_DEVICE_FAMILY = "1,2";
			};
			name = Debug;
		};
		7B07B9E323F2507D000A0A16 /* Release */ = {
			isa = XCBuildConfiguration;
			baseConfigurationReference = 67176CA3FC0B5AED6B0D138A /* Pods-iOSMultimedia.release.xcconfig */;
			buildSettings = {
				ASSETCATALOG_COMPILER_APPICON_NAME = AppIcon;
				CODE_SIGN_STYLE = Automatic;
				DEVELOPMENT_TEAM = 7U9J5872X8;
				INFOPLIST_FILE = iOSMultimedia/Info.plist;
				LD_RUNPATH_SEARCH_PATHS = (
					"$(inherited)",
					"@executable_path/Frameworks",
				);
				PRODUCT_BUNDLE_IDENTIFIER = demo.iOSMultimedia;
				PRODUCT_NAME = "$(TARGET_NAME)";
				TARGETED_DEVICE_FAMILY = "1,2";
			};
			name = Release;
		};
/* End XCBuildConfiguration section */

/* Begin XCConfigurationList section */
		7B07B9C323F2507B000A0A16 /* Build configuration list for PBXProject "iOSMultimedia" */ = {
			isa = XCConfigurationList;
			buildConfigurations = (
				7B07B9DF23F2507D000A0A16 /* Debug */,
				7B07B9E023F2507D000A0A16 /* Release */,
			);
			defaultConfigurationIsVisible = 0;
			defaultConfigurationName = Release;
		};
		7B07B9E123F2507D000A0A16 /* Build configuration list for PBXNativeTarget "iOSMultimedia" */ = {
			isa = XCConfigurationList;
			buildConfigurations = (
				7B07B9E223F2507D000A0A16 /* Debug */,
				7B07B9E323F2507D000A0A16 /* Release */,
			);
			defaultConfigurationIsVisible = 0;
			defaultConfigurationName = Release;
		};
/* End XCConfigurationList section */
	};
	rootObject = 7B07B9C023F2507B000A0A16 /* Project object */;
}
